// !$*UTF8*$!
{
	archiveVersion = 1;
	classes = {
	};
	objectVersion = 55;
	objects = {

/* Begin PBXBuildFile section */
		C6B35340280B001B001FA0B2 /* iCaloriesApp.swift in Sources */ = {isa = PBXBuildFile; fileRef = C6B3533F280B001B001FA0B2 /* iCaloriesApp.swift */; };
		C6B35342280B001B001FA0B2 /* ContentView.swift in Sources */ = {isa = PBXBuildFile; fileRef = C6B35341280B001B001FA0B2 /* ContentView.swift */; };
		C6B35344280B001C001FA0B2 /* Assets.xcassets in Resources */ = {isa = PBXBuildFile; fileRef = C6B35343280B001C001FA0B2 /* Assets.xcassets */; };
		C6B35347280B001C001FA0B2 /* Preview Assets.xcassets in Resources */ = {isa = PBXBuildFile; fileRef = C6B35346280B001C001FA0B2 /* Preview Assets.xcassets */; };
		C6B35351280B001C001FA0B2 /* iCaloriesTests.swift in Sources */ = {isa = PBXBuildFile; fileRef = C6B35350280B001C001FA0B2 /* iCaloriesTests.swift */; };
		C6B3535B280B001C001FA0B2 /* iCaloriesUITests.swift in Sources */ = {isa = PBXBuildFile; fileRef = C6B3535A280B001C001FA0B2 /* iCaloriesUITests.swift */; };
		C6B3535D280B001C001FA0B2 /* iCaloriesUITestsLaunchTests.swift in Sources */ = {isa = PBXBuildFile; fileRef = C6B3535C280B001C001FA0B2 /* iCaloriesUITestsLaunchTests.swift */; };
		C6B3536B280B004D001FA0B2 /* FoodModel.xcdatamodeld in Sources */ = {isa = PBXBuildFile; fileRef = C6B35369280B004D001FA0B2 /* FoodModel.xcdatamodeld */; };
		C6B3536E280B0108001FA0B2 /* DataController.swift in Sources */ = {isa = PBXBuildFile; fileRef = C6B3536D280B0108001FA0B2 /* DataController.swift */; };
		C6B35372280B0295001FA0B2 /* AddFoodView.swift in Sources */ = {isa = PBXBuildFile; fileRef = C6B35371280B0295001FA0B2 /* AddFoodView.swift */; };
		C6B35374280B066E001FA0B2 /* TimeFormatting.swift in Sources */ = {isa = PBXBuildFile; fileRef = C6B35373280B066E001FA0B2 /* TimeFormatting.swift */; };
		C6B35376280B15D6001FA0B2 /* EditFoodView.swift in Sources */ = {isa = PBXBuildFile; fileRef = C6B35375280B15D6001FA0B2 /* EditFoodView.swift */; };
/* End PBXBuildFile section */

/* Begin PBXContainerItemProxy section */
		C6B3534D280B001C001FA0B2 /* PBXContainerItemProxy */ = {
			isa = PBXContainerItemProxy;
			containerPortal = C6B35334280B001B001FA0B2 /* Project object */;
			proxyType = 1;
			remoteGlobalIDString = C6B3533B280B001B001FA0B2;
			remoteInfo = iCalories;
		};
		C6B35357280B001C001FA0B2 /* PBXContainerItemProxy */ = {
			isa = PBXContainerItemProxy;
			containerPortal = C6B35334280B001B001FA0B2 /* Project object */;
			proxyType = 1;
			remoteGlobalIDString = C6B3533B280B001B001FA0B2;
			remoteInfo = iCalories;
		};
/* End PBXContainerItemProxy section */

/* Begin PBXFileReference section */
		C6B3533C280B001B001FA0B2 /* iCalories.app */ = {isa = PBXFileReference; explicitFileType = wrapper.application; includeInIndex = 0; path = iCalories.app; sourceTree = BUILT_PRODUCTS_DIR; };
		C6B3533F280B001B001FA0B2 /* iCaloriesApp.swift */ = {isa = PBXFileReference; lastKnownFileType = sourcecode.swift; path = iCaloriesApp.swift; sourceTree = "<group>"; };
		C6B35341280B001B001FA0B2 /* ContentView.swift */ = {isa = PBXFileReference; lastKnownFileType = sourcecode.swift; path = ContentView.swift; sourceTree = "<group>"; };
		C6B35343280B001C001FA0B2 /* Assets.xcassets */ = {isa = PBXFileReference; lastKnownFileType = folder.assetcatalog; path = Assets.xcassets; sourceTree = "<group>"; };
		C6B35346280B001C001FA0B2 /* Preview Assets.xcassets */ = {isa = PBXFileReference; lastKnownFileType = folder.assetcatalog; path = "Preview Assets.xcassets"; sourceTree = "<group>"; };
		C6B3534C280B001C001FA0B2 /* iCaloriesTests.xctest */ = {isa = PBXFileReference; explicitFileType = wrapper.cfbundle; includeInIndex = 0; path = iCaloriesTests.xctest; sourceTree = BUILT_PRODUCTS_DIR; };
		C6B35350280B001C001FA0B2 /* iCaloriesTests.swift */ = {isa = PBXFileReference; lastKnownFileType = sourcecode.swift; path = iCaloriesTests.swift; sourceTree = "<group>"; };
		C6B35356280B001C001FA0B2 /* iCaloriesUITests.xctest */ = {isa = PBXFileReference; explicitFileType = wrapper.cfbundle; includeInIndex = 0; path = iCaloriesUITests.xctest; sourceTree = BUILT_PRODUCTS_DIR; };
		C6B3535A280B001C001FA0B2 /* iCaloriesUITests.swift */ = {isa = PBXFileReference; lastKnownFileType = sourcecode.swift; path = iCaloriesUITests.swift; sourceTree = "<group>"; };
		C6B3535C280B001C001FA0B2 /* iCaloriesUITestsLaunchTests.swift */ = {isa = PBXFileReference; lastKnownFileType = sourcecode.swift; path = iCaloriesUITestsLaunchTests.swift; sourceTree = "<group>"; };
		C6B3536A280B004D001FA0B2 /* FoodModel.xcdatamodel */ = {isa = PBXFileReference; lastKnownFileType = wrapper.xcdatamodel; path = FoodModel.xcdatamodel; sourceTree = "<group>"; };
		C6B3536D280B0108001FA0B2 /* DataController.swift */ = {isa = PBXFileReference; lastKnownFileType = sourcecode.swift; path = DataController.swift; sourceTree = "<group>"; };
		C6B35371280B0295001FA0B2 /* AddFoodView.swift */ = {isa = PBXFileReference; lastKnownFileType = sourcecode.swift; path = AddFoodView.swift; sourceTree = "<group>"; };
		C6B35373280B066E001FA0B2 /* TimeFormatting.swift */ = {isa = PBXFileReference; lastKnownFileType = sourcecode.swift; path = TimeFormatting.swift; sourceTree = "<group>"; };
		C6B35375280B15D6001FA0B2 /* EditFoodView.swift */ = {isa = PBXFileReference; lastKnownFileType = sourcecode.swift; path = EditFoodView.swift; sourceTree = "<group>"; };
/* End PBXFileReference section */

/* Begin PBXFrameworksBuildPhase section */
		C6B35339280B001B001FA0B2 /* Frameworks */ = {
			isa = PBXFrameworksBuildPhase;
			buildActionMask = 2147483647;
			files = (
			);
			runOnlyForDeploymentPostprocessing = 0;
		};
		C6B35349280B001C001FA0B2 /* Frameworks */ = {
			isa = PBXFrameworksBuildPhase;
			buildActionMask = 2147483647;
			files = (
			);
			runOnlyForDeploymentPostprocessing = 0;
		};
		C6B35353280B001C001FA0B2 /* Frameworks */ = {
			isa = PBXFrameworksBuildPhase;
			buildActionMask = 2147483647;
			files = (
			);
			runOnlyForDeploymentPostprocessing = 0;
		};
/* End PBXFrameworksBuildPhase section */

/* Begin PBXGroup section */
		C6B35333280B001B001FA0B2 = {
			isa = PBXGroup;
			children = (
				C6B3533E280B001B001FA0B2 /* iCalories */,
				C6B3534F280B001C001FA0B2 /* iCaloriesTests */,
				C6B35359280B001C001FA0B2 /* iCaloriesUITests */,
				C6B3533D280B001B001FA0B2 /* Products */,
			);
			sourceTree = "<group>";
		};
		C6B3533D280B001B001FA0B2 /* Products */ = {
			isa = PBXGroup;
			children = (
				C6B3533C280B001B001FA0B2 /* iCalories.app */,
				C6B3534C280B001C001FA0B2 /* iCaloriesTests.xctest */,
				C6B35356280B001C001FA0B2 /* iCaloriesUITests.xctest */,
			);
			name = Products;
			sourceTree = "<group>";
		};
		C6B3533E280B001B001FA0B2 /* iCalories */ = {
			isa = PBXGroup;
			children = (
				C6B3533F280B001B001FA0B2 /* iCaloriesApp.swift */,
				C6B35370280B027E001FA0B2 /* Helpers */,
				C6B3536F280B026C001FA0B2 /* Views */,
				C6B3536C280B00F9001FA0B2 /* DataModel */,
				C6B35343280B001C001FA0B2 /* Assets.xcassets */,
				C6B35345280B001C001FA0B2 /* Preview Content */,
			);
			path = iCalories;
			sourceTree = "<group>";
		};
		C6B35345280B001C001FA0B2 /* Preview Content */ = {
			isa = PBXGroup;
			children = (
				C6B35346280B001C001FA0B2 /* Preview Assets.xcassets */,
			);
			path = "Preview Content";
			sourceTree = "<group>";
		};
		C6B3534F280B001C001FA0B2 /* iCaloriesTests */ = {
			isa = PBXGroup;
			children = (
				C6B35350280B001C001FA0B2 /* iCaloriesTests.swift */,
			);
			path = iCaloriesTests;
			sourceTree = "<group>";
		};
		C6B35359280B001C001FA0B2 /* iCaloriesUITests */ = {
			isa = PBXGroup;
			children = (
				C6B3535A280B001C001FA0B2 /* iCaloriesUITests.swift */,
				C6B3535C280B001C001FA0B2 /* iCaloriesUITestsLaunchTests.swift */,
			);
			path = iCaloriesUITests;
			sourceTree = "<group>";
		};
		C6B3536C280B00F9001FA0B2 /* DataModel */ = {
			isa = PBXGroup;
			children = (
				C6B35369280B004D001FA0B2 /* FoodModel.xcdatamodeld */,
				C6B3536D280B0108001FA0B2 /* DataController.swift */,
			);
			path = DataModel;
			sourceTree = "<group>";
		};
		C6B3536F280B026C001FA0B2 /* Views */ = {
			isa = PBXGroup;
			children = (
				C6B35371280B0295001FA0B2 /* AddFoodView.swift */,
				C6B35375280B15D6001FA0B2 /* EditFoodView.swift */,
				C6B35341280B001B001FA0B2 /* ContentView.swift */,
			);
			path = Views;
			sourceTree = "<group>";
		};
		C6B35370280B027E001FA0B2 /* Helpers */ = {
			isa = PBXGroup;
			children = (
				C6B35373280B066E001FA0B2 /* TimeFormatting.swift */,
			);
			path = Helpers;
			sourceTree = "<group>";
		};
/* End PBXGroup section */

/* Begin PBXNativeTarget section */
		C6B3533B280B001B001FA0B2 /* iCalories */ = {
			isa = PBXNativeTarget;
			buildConfigurationList = C6B35360280B001C001FA0B2 /* Build configuration list for PBXNativeTarget "iCalories" */;
			buildPhases = (
				C6B35338280B001B001FA0B2 /* Sources */,
				C6B35339280B001B001FA0B2 /* Frameworks */,
				C6B3533A280B001B001FA0B2 /* Resources */,
			);
			buildRules = (
			);
			dependencies = (
			);
			name = iCalories;
			productName = iCalories;
			productReference = C6B3533C280B001B001FA0B2 /* iCalories.app */;
			productType = "com.apple.product-type.application";
		};
		C6B3534B280B001C001FA0B2 /* iCaloriesTests */ = {
			isa = PBXNativeTarget;
			buildConfigurationList = C6B35363280B001C001FA0B2 /* Build configuration list for PBXNativeTarget "iCaloriesTests" */;
			buildPhases = (
				C6B35348280B001C001FA0B2 /* Sources */,
				C6B35349280B001C001FA0B2 /* Frameworks */,
				C6B3534A280B001C001FA0B2 /* Resources */,
			);
			buildRules = (
			);
			dependencies = (
				C6B3534E280B001C001FA0B2 /* PBXTargetDependency */,
			);
			name = iCaloriesTests;
			productName = iCaloriesTests;
			productReference = C6B3534C280B001C001FA0B2 /* iCaloriesTests.xctest */;
			productType = "com.apple.product-type.bundle.unit-test";
		};
		C6B35355280B001C001FA0B2 /* iCaloriesUITests */ = {
			isa = PBXNativeTarget;
			buildConfigurationList = C6B35366280B001C001FA0B2 /* Build configuration list for PBXNativeTarget "iCaloriesUITests" */;
			buildPhases = (
				C6B35352280B001C001FA0B2 /* Sources */,
				C6B35353280B001C001FA0B2 /* Frameworks */,
				C6B35354280B001C001FA0B2 /* Resources */,
			);
			buildRules = (
			);
			dependencies = (
				C6B35358280B001C001FA0B2 /* PBXTargetDependency */,
			);
			name = iCaloriesUITests;
			productName = iCaloriesUITests;
			productReference = C6B35356280B001C001FA0B2 /* iCaloriesUITests.xctest */;
			productType = "com.apple.product-type.bundle.ui-testing";
		};
/* End PBXNativeTarget section */

/* Begin PBXProject section */
		C6B35334280B001B001FA0B2 /* Project object */ = {
			isa = PBXProject;
			attributes = {
				BuildIndependentTargetsInParallel = 1;
				LastSwiftUpdateCheck = 1330;
				LastUpgradeCheck = 1330;
				TargetAttributes = {
					C6B3533B280B001B001FA0B2 = {
						CreatedOnToolsVersion = 13.3;
					};
					C6B3534B280B001C001FA0B2 = {
						CreatedOnToolsVersion = 13.3;
						TestTargetID = C6B3533B280B001B001FA0B2;
					};
					C6B35355280B001C001FA0B2 = {
						CreatedOnToolsVersion = 13.3;
						TestTargetID = C6B3533B280B001B001FA0B2;
					};
				};
			};
			buildConfigurationList = C6B35337280B001B001FA0B2 /* Build configuration list for PBXProject "iCalories" */;
			compatibilityVersion = "Xcode 13.0";
			developmentRegion = en;
			hasScannedForEncodings = 0;
			knownRegions = (
				en,
				Base,
			);
			mainGroup = C6B35333280B001B001FA0B2;
			productRefGroup = C6B3533D280B001B001FA0B2 /* Products */;
			projectDirPath = "";
			projectRoot = "";
			targets = (
				C6B3533B280B001B001FA0B2 /* iCalories */,
				C6B3534B280B001C001FA0B2 /* iCaloriesTests */,
				C6B35355280B001C001FA0B2 /* iCaloriesUITests */,
			);
		};
/* End PBXProject section */

/* Begin PBXResourcesBuildPhase section */
		C6B3533A280B001B001FA0B2 /* Resources */ = {
			isa = PBXResourcesBuildPhase;
			buildActionMask = 2147483647;
			files = (
				C6B35347280B001C001FA0B2 /* Preview Assets.xcassets in Resources */,
				C6B35344280B001C001FA0B2 /* Assets.xcassets in Resources */,
			);
			runOnlyForDeploymentPostprocessing = 0;
		};
		C6B3534A280B001C001FA0B2 /* Resources */ = {
			isa = PBXResourcesBuildPhase;
			buildActionMask = 2147483647;
			files = (
			);
			runOnlyForDeploymentPostprocessing = 0;
		};
		C6B35354280B001C001FA0B2 /* Resources */ = {
			isa = PBXResourcesBuildPhase;
			buildActionMask = 2147483647;
			files = (
			);
			runOnlyForDeploymentPostprocessing = 0;
		};
/* End PBXResourcesBuildPhase section */

/* Begin PBXSourcesBuildPhase section */
		C6B35338280B001B001FA0B2 /* Sources */ = {
			isa = PBXSourcesBuildPhase;
			buildActionMask = 2147483647;
			files = (
				C6B35372280B0295001FA0B2 /* AddFoodView.swift in Sources */,
				C6B35342280B001B001FA0B2 /* ContentView.swift in Sources */,
				C6B3536E280B0108001FA0B2 /* DataController.swift in Sources */,
				C6B35340280B001B001FA0B2 /* iCaloriesApp.swift in Sources */,
				C6B3536B280B004D001FA0B2 /* FoodModel.xcdatamodeld in Sources */,
				C6B35376280B15D6001FA0B2 /* EditFoodView.swift in Sources */,
				C6B35374280B066E001FA0B2 /* TimeFormatting.swift in Sources */,
			);
			runOnlyForDeploymentPostprocessing = 0;
		};
		C6B35348280B001C001FA0B2 /* Sources */ = {
			isa = PBXSourcesBuildPhase;
			buildActionMask = 2147483647;
			files = (
				C6B35351280B001C001FA0B2 /* iCaloriesTests.swift in Sources */,
			);
			runOnlyForDeploymentPostprocessing = 0;
		};
		C6B35352280B001C001FA0B2 /* Sources */ = {
			isa = PBXSourcesBuildPhase;
			buildActionMask = 2147483647;
			files = (
				C6B3535D280B001C001FA0B2 /* iCaloriesUITestsLaunchTests.swift in Sources */,
				C6B3535B280B001C001FA0B2 /* iCaloriesUITests.swift in Sources */,
			);
			runOnlyForDeploymentPostprocessing = 0;
		};
/* End PBXSourcesBuildPhase section */

/* Begin PBXTargetDependency section */
		C6B3534E280B001C001FA0B2 /* PBXTargetDependency */ = {
			isa = PBXTargetDependency;
			target = C6B3533B280B001B001FA0B2 /* iCalories */;
			targetProxy = C6B3534D280B001C001FA0B2 /* PBXContainerItemProxy */;
		};
		C6B35358280B001C001FA0B2 /* PBXTargetDependency */ = {
			isa = PBXTargetDependency;
			target = C6B3533B280B001B001FA0B2 /* iCalories */;
			targetProxy = C6B35357280B001C001FA0B2 /* PBXContainerItemProxy */;
		};
/* End PBXTargetDependency section */

/* Begin XCBuildConfiguration section */
		C6B3535E280B001C001FA0B2 /* Debug */ = {
			isa = XCBuildConfiguration;
			buildSettings = {
				ALWAYS_SEARCH_USER_PATHS = NO;
				CLANG_ANALYZER_NONNULL = YES;
				CLANG_ANALYZER_NUMBER_OBJECT_CONVERSION = YES_AGGRESSIVE;
				CLANG_CXX_LANGUAGE_STANDARD = "gnu++17";
				CLANG_ENABLE_MODULES = YES;
				CLANG_ENABLE_OBJC_ARC = YES;
				CLANG_ENABLE_OBJC_WEAK = YES;
				CLANG_WARN_BLOCK_CAPTURE_AUTORELEASING = YES;
				CLANG_WARN_BOOL_CONVERSION = YES;
				CLANG_WARN_COMMA = YES;
				CLANG_WARN_CONSTANT_CONVERSION = YES;
				CLANG_WARN_DEPRECATED_OBJC_IMPLEMENTATIONS = YES;
				CLANG_WARN_DIRECT_OBJC_ISA_USAGE = YES_ERROR;
				CLANG_WARN_DOCUMENTATION_COMMENTS = YES;
				CLANG_WARN_EMPTY_BODY = YES;
				CLANG_WARN_ENUM_CONVERSION = YES;
				CLANG_WARN_INFINITE_RECURSION = YES;
				CLANG_WARN_INT_CONVERSION = YES;
				CLANG_WARN_NON_LITERAL_NULL_CONVERSION = YES;
				CLANG_WARN_OBJC_IMPLICIT_RETAIN_SELF = YES;
				CLANG_WARN_OBJC_LITERAL_CONVERSION = YES;
				CLANG_WARN_OBJC_ROOT_CLASS = YES_ERROR;
				CLANG_WARN_QUOTED_INCLUDE_IN_FRAMEWORK_HEADER = YES;
				CLANG_WARN_RANGE_LOOP_ANALYSIS = YES;
				CLANG_WARN_STRICT_PROTOTYPES = YES;
				CLANG_WARN_SUSPICIOUS_MOVE = YES;
				CLANG_WARN_UNGUARDED_AVAILABILITY = YES_AGGRESSIVE;
				CLANG_WARN_UNREACHABLE_CODE = YES;
				CLANG_WARN__DUPLICATE_METHOD_MATCH = YES;
				COPY_PHASE_STRIP = NO;
				DEBUG_INFORMATION_FORMAT = dwarf;
				ENABLE_STRICT_OBJC_MSGSEND = YES;
				ENABLE_TESTABILITY = YES;
				GCC_C_LANGUAGE_STANDARD = gnu11;
				GCC_DYNAMIC_NO_PIC = NO;
				GCC_NO_COMMON_BLOCKS = YES;
				GCC_OPTIMIZATION_LEVEL = 0;
				GCC_PREPROCESSOR_DEFINITIONS = (
					"DEBUG=1",
					"$(inherited)",
				);
				GCC_WARN_64_TO_32_BIT_CONVERSION = YES;
				GCC_WARN_ABOUT_RETURN_TYPE = YES_ERROR;
				GCC_WARN_UNDECLARED_SELECTOR = YES;
				GCC_WARN_UNINITIALIZED_AUTOS = YES_AGGRESSIVE;
				GCC_WARN_UNUSED_FUNCTION = YES;
				GCC_WARN_UNUSED_VARIABLE = YES;
				IPHONEOS_DEPLOYMENT_TARGET = 15.4;
				MTL_ENABLE_DEBUG_INFO = INCLUDE_SOURCE;
				MTL_FAST_MATH = YES;
				ONLY_ACTIVE_ARCH = YES;
				SDKROOT = iphoneos;
				SWIFT_ACTIVE_COMPILATION_CONDITIONS = DEBUG;
				SWIFT_OPTIMIZATION_LEVEL = "-Onone";
			};
			name = Debug;
		};
		C6B3535F280B001C001FA0B2 /* Release */ = {
			isa = XCBuildConfiguration;
			buildSettings = {
				ALWAYS_SEARCH_USER_PATHS = NO;
				CLANG_ANALYZER_NONNULL = YES;
				CLANG_ANALYZER_NUMBER_OBJECT_CONVERSION = YES_AGGRESSIVE;
				CLANG_CXX_LANGUAGE_STANDARD = "gnu++17";
				CLANG_ENABLE_MODULES = YES;
				CLANG_ENABLE_OBJC_ARC = YES;
				CLANG_ENABLE_OBJC_WEAK = YES;
				CLANG_WARN_BLOCK_CAPTURE_AUTORELEASING = YES;
				CLANG_WARN_BOOL_CONVERSION = YES;
				CLANG_WARN_COMMA = YES;
				CLANG_WARN_CONSTANT_CONVERSION = YES;
				CLANG_WARN_DEPRECATED_OBJC_IMPLEMENTATIONS = YES;
				CLANG_WARN_DIRECT_OBJC_ISA_USAGE = YES_ERROR;
				CLANG_WARN_DOCUMENTATION_COMMENTS = YES;
				CLANG_WARN_EMPTY_BODY = YES;
				CLANG_WARN_ENUM_CONVERSION = YES;
				CLANG_WARN_INFINITE_RECURSION = YES;
				CLANG_WARN_INT_CONVERSION = YES;
				CLANG_WARN_NON_LITERAL_NULL_CONVERSION = YES;
				CLANG_WARN_OBJC_IMPLICIT_RETAIN_SELF = YES;
				CLANG_WARN_OBJC_LITERAL_CONVERSION = YES;
				CLANG_WARN_OBJC_ROOT_CLASS = YES_ERROR;
				CLANG_WARN_QUOTED_INCLUDE_IN_FRAMEWORK_HEADER = YES;
				CLANG_WARN_RANGE_LOOP_ANALYSIS = YES;
				CLANG_WARN_STRICT_PROTOTYPES = YES;
				CLANG_WARN_SUSPICIOUS_MOVE = YES;
				CLANG_WARN_UNGUARDED_AVAILABILITY = YES_AGGRESSIVE;
				CLANG_WARN_UNREACHABLE_CODE = YES;
				CLANG_WARN__DUPLICATE_METHOD_MATCH = YES;
				COPY_PHASE_STRIP = NO;
				DEBUG_INFORMATION_FORMAT = "dwarf-with-dsym";
				ENABLE_NS_ASSERTIONS = NO;
				ENABLE_STRICT_OBJC_MSGSEND = YES;
				GCC_C_LANGUAGE_STANDARD = gnu11;
				GCC_NO_COMMON_BLOCKS = YES;
				GCC_WARN_64_TO_32_BIT_CONVERSION = YES;
				GCC_WARN_ABOUT_RETURN_TYPE = YES_ERROR;
				GCC_WARN_UNDECLARED_SELECTOR = YES;
				GCC_WARN_UNINITIALIZED_AUTOS = YES_AGGRESSIVE;
				GCC_WARN_UNUSED_FUNCTION = YES;
				GCC_WARN_UNUSED_VARIABLE = YES;
				IPHONEOS_DEPLOYMENT_TARGET = 15.4;
				MTL_ENABLE_DEBUG_INFO = NO;
				MTL_FAST_MATH = YES;
				SDKROOT = iphoneos;
				SWIFT_COMPILATION_MODE = wholemodule;
				SWIFT_OPTIMIZATION_LEVEL = "-O";
				VALIDATE_PRODUCT = YES;
			};
			name = Release;
		};
		C6B35361280B001C001FA0B2 /* Debug */ = {
			isa = XCBuildConfiguration;
			buildSettings = {
				ASSETCATALOG_COMPILER_APPICON_NAME = AppIcon;
				ASSETCATALOG_COMPILER_GLOBAL_ACCENT_COLOR_NAME = AccentColor;
				CODE_SIGN_STYLE = Automatic;
				CURRENT_PROJECT_VERSION = 1;
				DEVELOPMENT_ASSET_PATHS = "\"iCalories/Preview Content\"";
				DEVELOPMENT_TEAM = 76AJ433CP5;
				ENABLE_PREVIEWS = YES;
				GENERATE_INFOPLIST_FILE = YES;
				INFOPLIST_KEY_UIApplicationSceneManifest_Generation = YES;
				INFOPLIST_KEY_UIApplicationSupportsIndirectInputEvents = YES;
				INFOPLIST_KEY_UILaunchScreen_Generation = YES;
				INFOPLIST_KEY_UISupportedInterfaceOrientations_iPad = "UIInterfaceOrientationPortrait UIInterfaceOrientationPortraitUpsideDown UIInterfaceOrientationLandscapeLeft UIInterfaceOrientationLandscapeRight";
				INFOPLIST_KEY_UISupportedInterfaceOrientations_iPhone = "UIInterfaceOrientationPortrait UIInterfaceOrientationLandscapeLeft UIInterfaceOrientationLandscapeRight";
				LD_RUNPATH_SEARCH_PATHS = (
					"$(inherited)",
					"@executable_path/Frameworks",
				);
				MARKETING_VERSION = 1.0;
				PRODUCT_BUNDLE_IDENTIFIER = com.kim.iCalories;
				PRODUCT_NAME = "$(TARGET_NAME)";
				SWIFT_EMIT_LOC_STRINGS = YES;
				SWIFT_VERSION = 5.0;
				TARGETED_DEVICE_FAMILY = "1,2";
			};
			name = Debug;
		};
		C6B35362280B001C001FA0B2 /* Release */ = {
			isa = XCBuildConfiguration;
			buildSettings = {
				ASSETCATALOG_COMPILER_APPICON_NAME = AppIcon;
				ASSETCATALOG_COMPILER_GLOBAL_ACCENT_COLOR_NAME = AccentColor;
				CODE_SIGN_STYLE = Automatic;
				CURRENT_PROJECT_VERSION = 1;
				DEVELOPMENT_ASSET_PATHS = "\"iCalories/Preview Content\"";
				DEVELOPMENT_TEAM = 76AJ433CP5;
				ENABLE_PREVIEWS = YES;
				GENERATE_INFOPLIST_FILE = YES;
				INFOPLIST_KEY_UIApplicationSceneManifest_Generation = YES;
				INFOPLIST_KEY_UIApplicationSupportsIndirectInputEvents = YES;
				INFOPLIST_KEY_UILaunchScreen_Generation = YES;
				INFOPLIST_KEY_UISupportedInterfaceOrientations_iPad = "UIInterfaceOrientationPortrait UIInterfaceOrientationPortraitUpsideDown UIInterfaceOrientationLandscapeLeft UIInterfaceOrientationLandscapeRight";
				INFOPLIST_KEY_UISupportedInterfaceOrientations_iPhone = "UIInterfaceOrientationPortrait UIInterfaceOrientationLandscapeLeft UIInterfaceOrientationLandscapeRight";
				LD_RUNPATH_SEARCH_PATHS = (
					"$(inherited)",
					"@executable_path/Frameworks",
				);
				MARKETING_VERSION = 1.0;
				PRODUCT_BUNDLE_IDENTIFIER = com.kim.iCalories;
				PRODUCT_NAME = "$(TARGET_NAME)";
				SWIFT_EMIT_LOC_STRINGS = YES;
				SWIFT_VERSION = 5.0;
				TARGETED_DEVICE_FAMILY = "1,2";
			};
			name = Release;
		};
		C6B35364280B001C001FA0B2 /* Debug */ = {
			isa = XCBuildConfiguration;
			buildSettings = {
				ALWAYS_EMBED_SWIFT_STANDARD_LIBRARIES = YES;
				BUNDLE_LOADER = "$(TEST_HOST)";
				CODE_SIGN_STYLE = Automatic;
				CURRENT_PROJECT_VERSION = 1;
				DEVELOPMENT_TEAM = 76AJ433CP5;
				GENERATE_INFOPLIST_FILE = YES;
				IPHONEOS_DEPLOYMENT_TARGET = 15.4;
				MARKETING_VERSION = 1.0;
				PRODUCT_BUNDLE_IDENTIFIER = com.kim.iCaloriesTests;
				PRODUCT_NAME = "$(TARGET_NAME)";
				SWIFT_EMIT_LOC_STRINGS = NO;
				SWIFT_VERSION = 5.0;
				TARGETED_DEVICE_FAMILY = "1,2";
				TEST_HOST = "$(BUILT_PRODUCTS_DIR)/iCalories.app/iCalories";
			};
			name = Debug;
		};
		C6B35365280B001C001FA0B2 /* Release */ = {
			isa = XCBuildConfiguration;
			buildSettings = {
				ALWAYS_EMBED_SWIFT_STANDARD_LIBRARIES = YES;
				BUNDLE_LOADER = "$(TEST_HOST)";
				CODE_SIGN_STYLE = Automatic;
				CURRENT_PROJECT_VERSION = 1;
				DEVELOPMENT_TEAM = 76AJ433CP5;
				GENERATE_INFOPLIST_FILE = YES;
				IPHONEOS_DEPLOYMENT_TARGET = 15.4;
				MARKETING_VERSION = 1.0;
				PRODUCT_BUNDLE_IDENTIFIER = com.kim.iCaloriesTests;
				PRODUCT_NAME = "$(TARGET_NAME)";
				SWIFT_EMIT_LOC_STRINGS = NO;
				SWIFT_VERSION = 5.0;
				TARGETED_DEVICE_FAMILY = "1,2";
				TEST_HOST = "$(BUILT_PRODUCTS_DIR)/iCalories.app/iCalories";
			};
			name = Release;
		};
		C6B35367280B001C001FA0B2 /* Debug */ = {
			isa = XCBuildConfiguration;
			buildSettings = {
				ALWAYS_EMBED_SWIFT_STANDARD_LIBRARIES = YES;
				CODE_SIGN_STYLE = Automatic;
				CURRENT_PROJECT_VERSION = 1;
				DEVELOPMENT_TEAM = 76AJ433CP5;
				GENERATE_INFOPLIST_FILE = YES;
				MARKETING_VERSION = 1.0;
				PRODUCT_BUNDLE_IDENTIFIER = com.kim.iCaloriesUITests;
				PRODUCT_NAME = "$(TARGET_NAME)";
				SWIFT_EMIT_LOC_STRINGS = NO;
				SWIFT_VERSION = 5.0;
				TARGETED_DEVICE_FAMILY = "1,2";
				TEST_TARGET_NAME = iCalories;
			};
			name = Debug;
		};
		C6B35368280B001C001FA0B2 /* Release */ = {
			isa = XCBuildConfiguration;
			buildSettings = {
				ALWAYS_EMBED_SWIFT_STANDARD_LIBRARIES = YES;
				CODE_SIGN_STYLE = Automatic;
				CURRENT_PROJECT_VERSION = 1;
				DEVELOPMENT_TEAM = 76AJ433CP5;
				GENERATE_INFOPLIST_FILE = YES;
				MARKETING_VERSION = 1.0;
				PRODUCT_BUNDLE_IDENTIFIER = com.kim.iCaloriesUITests;
				PRODUCT_NAME = "$(TARGET_NAME)";
				SWIFT_EMIT_LOC_STRINGS = NO;
				SWIFT_VERSION = 5.0;
				TARGETED_DEVICE_FAMILY = "1,2";
				TEST_TARGET_NAME = iCalories;
			};
			name = Release;
		};
/* End XCBuildConfiguration section */

/* Begin XCConfigurationList section */
		C6B35337280B001B001FA0B2 /* Build configuration list for PBXProject "iCalories" */ = {
			isa = XCConfigurationList;
			buildConfigurations = (
				C6B3535E280B001C001FA0B2 /* Debug */,
				C6B3535F280B001C001FA0B2 /* Release */,
			);
			defaultConfigurationIsVisible = 0;
			defaultConfigurationName = Release;
		};
		C6B35360280B001C001FA0B2 /* Build configuration list for PBXNativeTarget "iCalories" */ = {
			isa = XCConfigurationList;
			buildConfigurations = (
				C6B35361280B001C001FA0B2 /* Debug */,
				C6B35362280B001C001FA0B2 /* Release */,
			);
			defaultConfigurationIsVisible = 0;
			defaultConfigurationName = Release;
		};
		C6B35363280B001C001FA0B2 /* Build configuration list for PBXNativeTarget "iCaloriesTests" */ = {
			isa = XCConfigurationList;
			buildConfigurations = (
				C6B35364280B001C001FA0B2 /* Debug */,
				C6B35365280B001C001FA0B2 /* Release */,
			);
			defaultConfigurationIsVisible = 0;
			defaultConfigurationName = Release;
		};
		C6B35366280B001C001FA0B2 /* Build configuration list for PBXNativeTarget "iCaloriesUITests" */ = {
			isa = XCConfigurationList;
			buildConfigurations = (
				C6B35367280B001C001FA0B2 /* Debug */,
				C6B35368280B001C001FA0B2 /* Release */,
			);
			defaultConfigurationIsVisible = 0;
			defaultConfigurationName = Release;
		};
/* End XCConfigurationList section */

/* Begin XCVersionGroup section */
		C6B35369280B004D001FA0B2 /* FoodModel.xcdatamodeld */ = {
			isa = XCVersionGroup;
			children = (
				C6B3536A280B004D001FA0B2 /* FoodModel.xcdatamodel */,
			);
			currentVersion = C6B3536A280B004D001FA0B2 /* FoodModel.xcdatamodel */;
			path = FoodModel.xcdatamodeld;
			sourceTree = "<group>";
			versionGroupType = wrapper.xcdatamodel;
		};
/* End XCVersionGroup section */
	};
	rootObject = C6B35334280B001B001FA0B2 /* Project object */;
}
